
Microsoft Visual Studio Solution File, Format Version 12.00
# Visual Studio Version 16
VisualStudioVersion = 16.0.30225.117
MinimumVisualStudioVersion = 15.0.26124.0
Project("{9A19103F-16F7-4668-BE54-9A1E7A4F7556}") = "Blog", "Blog\Blog.csproj", "{06D40FEE-805A-40D8-96BE-9CD435EB334F}"
EndProject
Project("{9A19103F-16F7-4668-BE54-9A1E7A4F7556}") = "Blog.Controller", "Blog.Controller\Blog.Controller.csproj", "{69AB4F73-48FE-4DB0-B8A3-E7FC083B4E1F}"
EndProject
Project("{9A19103F-16F7-4668-BE54-9A1E7A4F7556}") = "Blog.DBModel", "Blog.DBModel\Blog.DBModel.csproj", "{4276CC4F-E5D7-4600-8126-D9659720127B}"
EndProject
Project("{9A19103F-16F7-4668-BE54-9A1E7A4F7556}") = "Blog.Extension", "Blog.Extension\Blog.Extension.csproj", "{876E60F9-74E3-40E6-B5BC-6648CBD31ADB}"
EndProject
Project("{9A19103F-16F7-4668-BE54-9A1E7A4F7556}") = "Blog.Extern", "Blog.Extern\Blog.Extern.csproj", "{88C5172D-26E9-42E9-826B-EE3A4C6EAEFF}"
EndProject
Project("{9A19103F-16F7-4668-BE54-9A1E7A4F7556}") = "Blog.Model", "Blog.Model\Blog.Model.csproj", "{4C09D083-C828-4965-B210-030EDE4CD24E}"
EndProject
Project("{9A19103F-16F7-4668-BE54-9A1E7A4F7556}") = "Blog.Service", "Blog.Service\Blog.Service.csproj", "{C188C3EE-E390-4187-BF7B-4A32CF52A753}"
EndProject
Project("{9A19103F-16F7-4668-BE54-9A1E7A4F7556}") = "Blog.Service.Implementation", "Blog.Service.Implementation\Blog.Service.Implementation.csproj", "{F3BA21F0-3220-4EF3-83AB-8F22F9ECBDAD}"
EndProject
Project("{9A19103F-16F7-4668-BE54-9A1E7A4F7556}") = "Blog.Extension.Emit", "Blog.Extension.Emit\Blog.Extension.Emit.csproj", "{43FEE99A-63E9-45A5-9711-D772A1FD8F4E}"
EndProject
Project("{9A19103F-16F7-4668-BE54-9A1E7A4F7556}") = "Blog.Option", "Blog.Option\Blog.Option.csproj", "{6BB39782-63BD-4F9A-8F8C-E879554CAA7B}"
EndProject
Global
	GlobalSection(SolutionConfigurationPlatforms) = preSolution
		Debug|Any CPU = Debug|Any CPU
		Debug|x64 = Debug|x64
		Debug|x86 = Debug|x86
		Release|Any CPU = Release|Any CPU
		Release|x64 = Release|x64
		Release|x86 = Release|x86
	EndGlobalSection
	GlobalSection(ProjectConfigurationPlatforms) = postSolution
		{06D40FEE-805A-40D8-96BE-9CD435EB334F}.Debug|Any CPU.ActiveCfg = Debug|Any CPU
		{06D40FEE-805A-40D8-96BE-9CD435EB334F}.Debug|Any CPU.Build.0 = Debug|Any CPU
		{06D40FEE-805A-40D8-96BE-9CD435EB334F}.Debug|x64.ActiveCfg = Debug|Any CPU
		{06D40FEE-805A-40D8-96BE-9CD435EB334F}.Debug|x64.Build.0 = Debug|Any CPU
		{06D40FEE-805A-40D8-96BE-9CD435EB334F}.Debug|x86.ActiveCfg = Debug|Any CPU
		{06D40FEE-805A-40D8-96BE-9CD435EB334F}.Debug|x86.Build.0 = Debug|Any CPU
		{06D40FEE-805A-40D8-96BE-9CD435EB334F}.Release|Any CPU.ActiveCfg = Release|Any CPU
		{06D40FEE-805A-40D8-96BE-9CD435EB334F}.Release|Any CPU.Build.0 = Release|Any CPU
		{06D40FEE-805A-40D8-96BE-9CD435EB334F}.Release|x64.ActiveCfg = Release|Any CPU
		{06D40FEE-805A-40D8-96BE-9CD435EB334F}.Release|x64.Build.0 = Release|Any CPU
		{06D40FEE-805A-40D8-96BE-9CD435EB334F}.Release|x86.ActiveCfg = Release|Any CPU
		{06D40FEE-805A-40D8-96BE-9CD435EB334F}.Release|x86.Build.0 = Release|Any CPU
		{69AB4F73-48FE-4DB0-B8A3-E7FC083B4E1F}.Debug|Any CPU.ActiveCfg = Debug|Any CPU
		{69AB4F73-48FE-4DB0-B8A3-E7FC083B4E1F}.Debug|Any CPU.Build.0 = Debug|Any CPU
		{69AB4F73-48FE-4DB0-B8A3-E7FC083B4E1F}.Debug|x64.ActiveCfg = Debug|Any CPU
		{69AB4F73-48FE-4DB0-B8A3-E7FC083B4E1F}.Debug|x64.Build.0 = Debug|Any CPU
		{69AB4F73-48FE-4DB0-B8A3-E7FC083B4E1F}.Debug|x86.ActiveCfg = Debug|Any CPU
		{69AB4F73-48FE-4DB0-B8A3-E7FC083B4E1F}.Debug|x86.Build.0 = Debug|Any CPU
		{69AB4F73-48FE-4DB0-B8A3-E7FC083B4E1F}.Release|Any CPU.ActiveCfg = Release|Any CPU
		{69AB4F73-48FE-4DB0-B8A3-E7FC083B4E1F}.Release|Any CPU.Build.0 = Release|Any CPU
		{69AB4F73-48FE-4DB0-B8A3-E7FC083B4E1F}.Release|x64.ActiveCfg = Release|Any CPU
		{69AB4F73-48FE-4DB0-B8A3-E7FC083B4E1F}.Release|x64.Build.0 = Release|Any CPU
		{69AB4F73-48FE-4DB0-B8A3-E7FC083B4E1F}.Release|x86.ActiveCfg = Release|Any CPU
		{69AB4F73-48FE-4DB0-B8A3-E7FC083B4E1F}.Release|x86.Build.0 = Release|Any CPU
		{4276CC4F-E5D7-4600-8126-D9659720127B}.Debug|Any CPU.ActiveCfg = Debug|Any CPU
		{4276CC4F-E5D7-4600-8126-D9659720127B}.Debug|Any CPU.Build.0 = Debug|Any CPU
		{4276CC4F-E5D7-4600-8126-D9659720127B}.Debug|x64.ActiveCfg = Debug|Any CPU
		{4276CC4F-E5D7-4600-8126-D9659720127B}.Debug|x64.Build.0 = Debug|Any CPU
		{4276CC4F-E5D7-4600-8126-D9659720127B}.Debug|x86.ActiveCfg = Debug|Any CPU
		{4276CC4F-E5D7-4600-8126-D9659720127B}.Debug|x86.Build.0 = Debug|Any CPU
		{4276CC4F-E5D7-4600-8126-D9659720127B}.Release|Any CPU.ActiveCfg = Release|Any CPU
		{4276CC4F-E5D7-4600-8126-D9659720127B}.Release|Any CPU.Build.0 = Release|Any CPU
		{4276CC4F-E5D7-4600-8126-D9659720127B}.Release|x64.ActiveCfg = Release|Any CPU
		{4276CC4F-E5D7-4600-8126-D9659720127B}.Release|x64.Build.0 = Release|Any CPU
		{4276CC4F-E5D7-4600-8126-D9659720127B}.Release|x86.ActiveCfg = Release|Any CPU
		{4276CC4F-E5D7-4600-8126-D9659720127B}.Release|x86.Build.0 = Release|Any CPU
		{876E60F9-74E3-40E6-B5BC-6648CBD31ADB}.Debug|Any CPU.ActiveCfg = Debug|Any CPU
		{876E60F9-74E3-40E6-B5BC-6648CBD31ADB}.Debug|Any CPU.Build.0 = Debug|Any CPU
		{876E60F9-74E3-40E6-B5BC-6648CBD31ADB}.Debug|x64.ActiveCfg = Debug|Any CPU
		{876E60F9-74E3-40E6-B5BC-6648CBD31ADB}.Debug|x64.Build.0 = Debug|Any CPU
		{876E60F9-74E3-40E6-B5BC-6648CBD31ADB}.Debug|x86.ActiveCfg = Debug|Any CPU
		{876E60F9-74E3-40E6-B5BC-6648CBD31ADB}.Debug|x86.Build.0 = Debug|Any CPU
		{876E60F9-74E3-40E6-B5BC-6648CBD31ADB}.Release|Any CPU.ActiveCfg = Release|Any CPU
		{876E60F9-74E3-40E6-B5BC-6648CBD31ADB}.Release|Any CPU.Build.0 = Release|Any CPU
		{876E60F9-74E3-40E6-B5BC-6648CBD31ADB}.Release|x64.ActiveCfg = Release|Any CPU
		{876E60F9-74E3-40E6-B5BC-6648CBD31ADB}.Release|x64.Build.0 = Release|Any CPU
		{876E60F9-74E3-40E6-B5BC-6648CBD31ADB}.Release|x86.ActiveCfg = Release|Any CPU
		{876E60F9-74E3-40E6-B5BC-6648CBD31ADB}.Release|x86.Build.0 = Release|Any CPU
		{88C5172D-26E9-42E9-826B-EE3A4C6EAEFF}.Debug|Any CPU.ActiveCfg = Debug|Any CPU
		{88C5172D-26E9-42E9-826B-EE3A4C6EAEFF}.Debug|Any CPU.Build.0 = Debug|Any CPU
		{88C5172D-26E9-42E9-826B-EE3A4C6EAEFF}.Debug|x64.ActiveCfg = Debug|Any CPU
		{88C5172D-26E9-42E9-826B-EE3A4C6EAEFF}.Debug|x64.Build.0 = Debug|Any CPU
		{88C5172D-26E9-42E9-826B-EE3A4C6EAEFF}.Debug|x86.ActiveCfg = Debug|Any CPU
		{88C5172D-26E9-42E9-826B-EE3A4C6EAEFF}.Debug|x86.Build.0 = Debug|Any CPU
		{88C5172D-26E9-42E9-826B-EE3A4C6EAEFF}.Release|Any CPU.ActiveCfg = Release|Any CPU
		{88C5172D-26E9-42E9-826B-EE3A4C6EAEFF}.Release|Any CPU.Build.0 = Release|Any CPU
		{88C5172D-26E9-42E9-826B-EE3A4C6EAEFF}.Release|x64.ActiveCfg = Release|Any CPU
		{88C5172D-26E9-42E9-826B-EE3A4C6EAEFF}.Release|x64.Build.0 = Release|Any CPU
		{88C5172D-26E9-42E9-826B-EE3A4C6EAEFF}.Release|x86.ActiveCfg = Release|Any CPU
		{88C5172D-26E9-42E9-826B-EE3A4C6EAEFF}.Release|x86.Build.0 = Release|Any CPU
		{4C09D083-C828-4965-B210-030EDE4CD24E}.Debug|Any CPU.ActiveCfg = Debug|Any CPU
		{4C09D083-C828-4965-B210-030EDE4CD24E}.Debug|Any CPU.Build.0 = Debug|Any CPU
		{4C09D083-C828-4965-B210-030EDE4CD24E}.Debug|x64.ActiveCfg = Debug|Any CPU
		{4C09D083-C828-4965-B210-030EDE4CD24E}.Debug|x64.Build.0 = Debug|Any CPU
		{4C09D083-C828-4965-B210-030EDE4CD24E}.Debug|x86.ActiveCfg = Debug|Any CPU
		{4C09D083-C828-4965-B210-030EDE4CD24E}.Debug|x86.Build.0 = Debug|Any CPU
		{4C09D083-C828-4965-B210-030EDE4CD24E}.Release|Any CPU.ActiveCfg = Release|Any CPU
		{4C09D083-C828-4965-B210-030EDE4CD24E}.Release|Any CPU.Build.0 = Release|Any CPU
		{4C09D083-C828-4965-B210-030EDE4CD24E}.Release|x64.ActiveCfg = Release|Any CPU
		{4C09D083-C828-4965-B210-030EDE4CD24E}.Release|x64.Build.0 = Release|Any CPU
		{4C09D083-C828-4965-B210-030EDE4CD24E}.Release|x86.ActiveCfg = Release|Any CPU
		{4C09D083-C828-4965-B210-030EDE4CD24E}.Release|x86.Build.0 = Release|Any CPU
		{C188C3EE-E390-4187-BF7B-4A32CF52A753}.Debug|Any CPU.ActiveCfg = Debug|Any CPU
		{C188C3EE-E390-4187-BF7B-4A32CF52A753}.Debug|Any CPU.Build.0 = Debug|Any CPU
		{C188C3EE-E390-4187-BF7B-4A32CF52A753}.Debug|x64.ActiveCfg = Debug|Any CPU
		{C188C3EE-E390-4187-BF7B-4A32CF52A753}.Debug|x64.Build.0 = Debug|Any CPU
		{C188C3EE-E390-4187-BF7B-4A32CF52A753}.Debug|x86.ActiveCfg = Debug|Any CPU
		{C188C3EE-E390-4187-BF7B-4A32CF52A753}.Debug|x86.Build.0 = Debug|Any CPU
		{C188C3EE-E390-4187-BF7B-4A32CF52A753}.Release|Any CPU.ActiveCfg = Release|Any CPU
		{C188C3EE-E390-4187-BF7B-4A32CF52A753}.Release|Any CPU.Build.0 = Release|Any CPU
		{C188C3EE-E390-4187-BF7B-4A32CF52A753}.Release|x64.ActiveCfg = Release|Any CPU
		{C188C3EE-E390-4187-BF7B-4A32CF52A753}.Release|x64.Build.0 = Release|Any CPU
		{C188C3EE-E390-4187-BF7B-4A32CF52A753}.Release|x86.ActiveCfg = Release|Any CPU
		{C188C3EE-E390-4187-BF7B-4A32CF52A753}.Release|x86.Build.0 = Release|Any CPU
		{F3BA21F0-3220-4EF3-83AB-8F22F9ECBDAD}.Debug|Any CPU.ActiveCfg = Debug|Any CPU
		{F3BA21F0-3220-4EF3-83AB-8F22F9ECBDAD}.Debug|Any CPU.Build.0 = Debug|Any CPU
		{F3BA21F0-3220-4EF3-83AB-8F22F9ECBDAD}.Debug|x64.ActiveCfg = Debug|Any CPU
		{F3BA21F0-3220-4EF3-83AB-8F22F9ECBDAD}.Debug|x64.Build.0 = Debug|Any CPU
		{F3BA21F0-3220-4EF3-83AB-8F22F9ECBDAD}.Debug|x86.ActiveCfg = Debug|Any CPU
		{F3BA21F0-3220-4EF3-83AB-8F22F9ECBDAD}.Debug|x86.Build.0 = Debug|Any CPU
		{F3BA21F0-3220-4EF3-83AB-8F22F9ECBDAD}.Release|Any CPU.ActiveCfg = Release|Any CPU
		{F3BA21F0-3220-4EF3-83AB-8F22F9ECBDAD}.Release|Any CPU.Build.0 = Release|Any CPU
		{F3BA21F0-3220-4EF3-83AB-8F22F9ECBDAD}.Release|x64.ActiveCfg = Release|Any CPU
		{F3BA21F0-3220-4EF3-83AB-8F22F9ECBDAD}.Release|x64.Build.0 = Release|Any CPU
		{F3BA21F0-3220-4EF3-83AB-8F22F9ECBDAD}.Release|x86.ActiveCfg = Release|Any CPU
		{F3BA21F0-3220-4EF3-83AB-8F22F9ECBDAD}.Release|x86.Build.0 = Release|Any CPU
		{43FEE99A-63E9-45A5-9711-D772A1FD8F4E}.Debug|Any CPU.ActiveCfg = Debug|Any CPU
		{43FEE99A-63E9-45A5-9711-D772A1FD8F4E}.Debug|Any CPU.Build.0 = Debug|Any CPU
		{43FEE99A-63E9-45A5-9711-D772A1FD8F4E}.Debug|x64.ActiveCfg = Debug|Any CPU
		{43FEE99A-63E9-45A5-9711-D772A1FD8F4E}.Debug|x64.Build.0 = Debug|Any CPU
		{43FEE99A-63E9-45A5-9711-D772A1FD8F4E}.Debug|x86.ActiveCfg = Debug|Any CPU
		{43FEE99A-63E9-45A5-9711-D772A1FD8F4E}.Debug|x86.Build.0 = Debug|Any CPU
		{43FEE99A-63E9-45A5-9711-D772A1FD8F4E}.Release|Any CPU.ActiveCfg = Release|Any CPU
		{43FEE99A-63E9-45A5-9711-D772A1FD8F4E}.Release|Any CPU.Build.0 = Release|Any CPU
		{43FEE99A-63E9-45A5-9711-D772A1FD8F4E}.Release|x64.ActiveCfg = Release|Any CPU
		{43FEE99A-63E9-45A5-9711-D772A1FD8F4E}.Release|x64.Build.0 = Release|Any CPU
		{43FEE99A-63E9-45A5-9711-D772A1FD8F4E}.Release|x86.ActiveCfg = Release|Any CPU
		{43FEE99A-63E9-45A5-9711-D772A1FD8F4E}.Release|x86.Build.0 = Release|Any CPU
		{6BB39782-63BD-4F9A-8F8C-E879554CAA7B}.Debug|Any CPU.ActiveCfg = Debug|Any CPU
		{6BB39782-63BD-4F9A-8F8C-E879554CAA7B}.Debug|Any CPU.Build.0 = Debug|Any CPU
		{6BB39782-63BD-4F9A-8F8C-E879554CAA7B}.Debug|x64.ActiveCfg = Debug|Any CPU
		{6BB39782-63BD-4F9A-8F8C-E879554CAA7B}.Debug|x64.Build.0 = Debug|Any CPU
		{6BB39782-63BD-4F9A-8F8C-E879554CAA7B}.Debug|x86.ActiveCfg = Debug|Any CPU
		{6BB39782-63BD-4F9A-8F8C-E879554CAA7B}.Debug|x86.Build.0 = Debug|Any CPU
		{6BB39782-63BD-4F9A-8F8C-E879554CAA7B}.Release|Any CPU.ActiveCfg = Release|Any CPU
		{6BB39782-63BD-4F9A-8F8C-E879554CAA7B}.Release|Any CPU.Build.0 = Release|Any CPU
		{6BB39782-63BD-4F9A-8F8C-E879554CAA7B}.Release|x64.ActiveCfg = Release|Any CPU
		{6BB39782-63BD-4F9A-8F8C-E879554CAA7B}.Release|x64.Build.0 = Release|Any CPU
		{6BB39782-63BD-4F9A-8F8C-E879554CAA7B}.Release|x86.ActiveCfg = Release|Any CPU
		{6BB39782-63BD-4F9A-8F8C-E879554CAA7B}.Release|x86.Build.0 = Release|Any CPU
	EndGlobalSection
	GlobalSection(SolutionProperties) = preSolution
		HideSolutionNode = FALSE
	EndGlobalSection
	GlobalSection(ExtensibilityGlobals) = postSolution
		SolutionGuid = {8C397282-0636-4A79-ADCE-BCEF20763FA4}
	EndGlobalSection
EndGlobal
